
Microsoft Visual Studio Solution File, Format Version 12.00
# Visual Studio Version 17
VisualStudioVersion = 17.7.33808.371
MinimumVisualStudioVersion = 10.0.40219.1
Project("{FAE04EC0-301F-11D3-BF4B-00C04F79EFBC}") = "GptWrapper", "GptWrapper\GptWrapper.csproj", "{B11D6CDC-F61B-41CA-9D9C-244B7F60FD51}"
EndProject
Global
	GlobalSection(SolutionConfigurationPlatforms) = preSolution
		Debug|Any CPU = Debug|Any CPU
		Release|Any CPU = Release|Any CPU
	EndGlobalSection
	GlobalSection(ProjectConfigurationPlatforms) = postSolution
		{B11D6CDC-F61B-41CA-9D9C-244B7F60FD51}.Debug|Any CPU.ActiveCfg = Debug|Any CPU
		{B11D6CDC-F61B-41CA-9D9C-244B7F60FD51}.Debug|Any CPU.Build.0 = Debug|Any CPU
		{B11D6CDC-F61B-41CA-9D9C-244B7F60FD51}.Release|Any CPU.ActiveCfg = Release|Any CPU
		{B11D6CDC-F61B-41CA-9D9C-244B7F60FD51}.Release|Any CPU.Build.0 = Release|Any CPU
	EndGlobalSection
	GlobalSection(SolutionProperties) = preSolution
		HideSolutionNode = FALSE
	EndGlobalSection
	GlobalSection(ExtensibilityGlobals) = postSolution
		SolutionGuid = {9D81D13A-F36F-4F40-BA31-D095CC493ECC}
	EndGlobalSection
EndGlobal
